// !$*UTF8*$!
{
	archiveVersion = 1;
	classes = {
	};
	objectVersion = 46;
	objects = {

/* Begin PBXBuildFile section */
		96886E7C1BD6F2860028B3A7 /* main.m in Sources */ = {isa = PBXBuildFile; fileRef = 96886E7B1BD6F2860028B3A7 /* main.m */; };
		96886E7F1BD6F2860028B3A7 /* AppDelegate.m in Sources */ = {isa = PBXBuildFile; fileRef = 96886E7E1BD6F2860028B3A7 /* AppDelegate.m */; };
		96886E821BD6F2860028B3A7 /* MoviesViewController.m in Sources */ = {isa = PBXBuildFile; fileRef = 96886E811BD6F2860028B3A7 /* MoviesViewController.m */; };
		96886E851BD6F2860028B3A7 /* Main.storyboard in Resources */ = {isa = PBXBuildFile; fileRef = 96886E831BD6F2860028B3A7 /* Main.storyboard */; };
		96886E871BD6F2860028B3A7 /* Assets.xcassets in Resources */ = {isa = PBXBuildFile; fileRef = 96886E861BD6F2860028B3A7 /* Assets.xcassets */; };
		96886E8A1BD6F2860028B3A7 /* LaunchScreen.storyboard in Resources */ = {isa = PBXBuildFile; fileRef = 96886E881BD6F2860028B3A7 /* LaunchScreen.storyboard */; };
		96886E931BD6F8860028B3A7 /* MoviesTableViewCell.m in Sources */ = {isa = PBXBuildFile; fileRef = 96886E921BD6F8860028B3A7 /* MoviesTableViewCell.m */; settings = {ASSET_TAGS = (); }; };
		96A660FA1BDF42E000CA1117 /* MovieDetailsViewController.m in Sources */ = {isa = PBXBuildFile; fileRef = 96A660F91BDF42E000CA1117 /* MovieDetailsViewController.m */; settings = {ASSET_TAGS = (); }; };
		DBDF2ADE5D9AB3049EAC736C /* libPods.a in Frameworks */ = {isa = PBXBuildFile; fileRef = E82CDC2706BAEC0F0A7F0BAE /* libPods.a */; };
/* End PBXBuildFile section */

/* Begin PBXFileReference section */
		45131B1C6383301C9BA3EE16 /* Pods.debug.xcconfig */ = {isa = PBXFileReference; includeInIndex = 1; lastKnownFileType = text.xcconfig; name = Pods.debug.xcconfig; path = "Pods/Target Support Files/Pods/Pods.debug.xcconfig"; sourceTree = "<group>"; };
		65BAA05522069F9801CA9079 /* Pods.release.xcconfig */ = {isa = PBXFileReference; includeInIndex = 1; lastKnownFileType = text.xcconfig; name = Pods.release.xcconfig; path = "Pods/Target Support Files/Pods/Pods.release.xcconfig"; sourceTree = "<group>"; };
		96886E771BD6F2860028B3A7 /* RottenTomatoes.app */ = {isa = PBXFileReference; explicitFileType = wrapper.application; includeInIndex = 0; path = RottenTomatoes.app; sourceTree = BUILT_PRODUCTS_DIR; };
		96886E7B1BD6F2860028B3A7 /* main.m */ = {isa = PBXFileReference; lastKnownFileType = sourcecode.c.objc; path = main.m; sourceTree = "<group>"; };
		96886E7D1BD6F2860028B3A7 /* AppDelegate.h */ = {isa = PBXFileReference; lastKnownFileType = sourcecode.c.h; path = AppDelegate.h; sourceTree = "<group>"; };
		96886E7E1BD6F2860028B3A7 /* AppDelegate.m */ = {isa = PBXFileReference; lastKnownFileType = sourcecode.c.objc; path = AppDelegate.m; sourceTree = "<group>"; };
		96886E801BD6F2860028B3A7 /* MoviesViewController.h */ = {isa = PBXFileReference; lastKnownFileType = sourcecode.c.h; path = MoviesViewController.h; sourceTree = "<group>"; };
		96886E811BD6F2860028B3A7 /* MoviesViewController.m */ = {isa = PBXFileReference; lastKnownFileType = sourcecode.c.objc; path = MoviesViewController.m; sourceTree = "<group>"; };
		96886E841BD6F2860028B3A7 /* Base */ = {isa = PBXFileReference; lastKnownFileType = file.storyboard; name = Base; path = Base.lproj/Main.storyboard; sourceTree = "<group>"; };
		96886E861BD6F2860028B3A7 /* Assets.xcassets */ = {isa = PBXFileReference; lastKnownFileType = folder.assetcatalog; path = Assets.xcassets; sourceTree = "<group>"; };
		96886E891BD6F2860028B3A7 /* Base */ = {isa = PBXFileReference; lastKnownFileType = file.storyboard; name = Base; path = Base.lproj/LaunchScreen.storyboard; sourceTree = "<group>"; };
		96886E8B1BD6F2860028B3A7 /* Info.plist */ = {isa = PBXFileReference; lastKnownFileType = text.plist.xml; path = Info.plist; sourceTree = "<group>"; };
		96886E911BD6F8860028B3A7 /* MoviesTableViewCell.h */ = {isa = PBXFileReference; fileEncoding = 4; lastKnownFileType = sourcecode.c.h; path = MoviesTableViewCell.h; sourceTree = "<group>"; };
		96886E921BD6F8860028B3A7 /* MoviesTableViewCell.m */ = {isa = PBXFileReference; fileEncoding = 4; lastKnownFileType = sourcecode.c.objc; path = MoviesTableViewCell.m; sourceTree = "<group>"; };
		96886E941BD7051E0028B3A7 /* MovieDetailsViewController.h */ = {isa = PBXFileReference; fileEncoding = 4; lastKnownFileType = sourcecode.c.h; path = MovieDetailsViewController.h; sourceTree = "<group>"; };
		96A660F91BDF42E000CA1117 /* MovieDetailsViewController.m */ = {isa = PBXFileReference; fileEncoding = 4; lastKnownFileType = sourcecode.c.objc; path = MovieDetailsViewController.m; sourceTree = "<group>"; };
		E82CDC2706BAEC0F0A7F0BAE /* libPods.a */ = {isa = PBXFileReference; explicitFileType = archive.ar; includeInIndex = 0; path = libPods.a; sourceTree = BUILT_PRODUCTS_DIR; };
/* End PBXFileReference section */

/* Begin PBXFrameworksBuildPhase section */
		96886E741BD6F2860028B3A7 /* Frameworks */ = {
			isa = PBXFrameworksBuildPhase;
			buildActionMask = 2147483647;
			files = (
				DBDF2ADE5D9AB3049EAC736C /* libPods.a in Frameworks */,
			);
			runOnlyForDeploymentPostprocessing = 0;
		};
/* End PBXFrameworksBuildPhase section */

/* Begin PBXGroup section */
		30821C7B39646E03FE3F7C98 /* Pods */ = {
			isa = PBXGroup;
			children = (
				45131B1C6383301C9BA3EE16 /* Pods.debug.xcconfig */,
				65BAA05522069F9801CA9079 /* Pods.release.xcconfig */,
			);
			name = Pods;
			sourceTree = "<group>";
		};
		96886E6E1BD6F2860028B3A7 = {
			isa = PBXGroup;
			children = (
				96886E791BD6F2860028B3A7 /* RottenTomatoes */,
				96886E781BD6F2860028B3A7 /* Products */,
				30821C7B39646E03FE3F7C98 /* Pods */,
				E515BB47B990F1A97711C708 /* Frameworks */,
			);
			sourceTree = "<group>";
		};
		96886E781BD6F2860028B3A7 /* Products */ = {
			isa = PBXGroup;
			children = (
				96886E771BD6F2860028B3A7 /* RottenTomatoes.app */,
			);
			name = Products;
			sourceTree = "<group>";
		};
		96886E791BD6F2860028B3A7 /* RottenTomatoes */ = {
			isa = PBXGroup;
			children = (
				96886E7D1BD6F2860028B3A7 /* AppDelegate.h */,
				96886E7E1BD6F2860028B3A7 /* AppDelegate.m */,
				96886E801BD6F2860028B3A7 /* MoviesViewController.h */,
				96886E811BD6F2860028B3A7 /* MoviesViewController.m */,
				96886E831BD6F2860028B3A7 /* Main.storyboard */,
				96886E861BD6F2860028B3A7 /* Assets.xcassets */,
				96886E881BD6F2860028B3A7 /* LaunchScreen.storyboard */,
				96886E8B1BD6F2860028B3A7 /* Info.plist */,
				96886E7A1BD6F2860028B3A7 /* Supporting Files */,
				96886E911BD6F8860028B3A7 /* MoviesTableViewCell.h */,
				96886E921BD6F8860028B3A7 /* MoviesTableViewCell.m */,
				96886E941BD7051E0028B3A7 /* MovieDetailsViewController.h */,
				96A660F91BDF42E000CA1117 /* MovieDetailsViewController.m */,
			);
			path = RottenTomatoes;
			sourceTree = "<group>";
		};
		96886E7A1BD6F2860028B3A7 /* Supporting Files */ = {
			isa = PBXGroup;
			children = (
				96886E7B1BD6F2860028B3A7 /* main.m */,
			);
			name = "Supporting Files";
			sourceTree = "<group>";
		};
		E515BB47B990F1A97711C708 /* Frameworks */ = {
			isa = PBXGroup;
			children = (
				E82CDC2706BAEC0F0A7F0BAE /* libPods.a */,
			);
			name = Frameworks;
			sourceTree = "<group>";
		};
/* End PBXGroup section */

/* Begin PBXNativeTarget section */
		96886E761BD6F2860028B3A7 /* RottenTomatoes */ = {
			isa = PBXNativeTarget;
			buildConfigurationList = 96886E8E1BD6F2860028B3A7 /* Build configuration list for PBXNativeTarget "RottenTomatoes" */;
			buildPhases = (
				6BF9F61DD657664DECB5088E /* Check Pods Manifest.lock */,
				96886E731BD6F2860028B3A7 /* Sources */,
				96886E741BD6F2860028B3A7 /* Frameworks */,
				96886E751BD6F2860028B3A7 /* Resources */,
				F1AE18DF80102B2AD5E73687 /* Embed Pods Frameworks */,
				C0089DA5F56F11F1EF577EC5 /* Copy Pods Resources */,
			);
			buildRules = (
			);
			dependencies = (
			);
			name = RottenTomatoes;
			productName = RottenTomatoes;
			productReference = 96886E771BD6F2860028B3A7 /* RottenTomatoes.app */;
			productType = "com.apple.product-type.application";
		};
/* End PBXNativeTarget section */

/* Begin PBXProject section */
		96886E6F1BD6F2860028B3A7 /* Project object */ = {
			isa = PBXProject;
			attributes = {
				LastUpgradeCheck = 0700;
				ORGANIZATIONNAME = " Minett";
				TargetAttributes = {
					96886E761BD6F2860028B3A7 = {
						CreatedOnToolsVersion = 7.0.1;
					};
				};
			};
			buildConfigurationList = 96886E721BD6F2860028B3A7 /* Build configuration list for PBXProject "RottenTomatoes" */;
			compatibilityVersion = "Xcode 3.2";
			developmentRegion = English;
			hasScannedForEncodings = 0;
			knownRegions = (
				en,
				Base,
			);
			mainGroup = 96886E6E1BD6F2860028B3A7;
			productRefGroup = 96886E781BD6F2860028B3A7 /* Products */;
			projectDirPath = "";
			projectRoot = "";
			targets = (
				96886E761BD6F2860028B3A7 /* RottenTomatoes */,
			);
		};
/* End PBXProject section */

/* Begin PBXResourcesBuildPhase section */
		96886E751BD6F2860028B3A7 /* Resources */ = {
			isa = PBXResourcesBuildPhase;
			buildActionMask = 2147483647;
			files = (
				96886E8A1BD6F2860028B3A7 /* LaunchScreen.storyboard in Resources */,
				96886E871BD6F2860028B3A7 /* Assets.xcassets in Resources */,
				96886E851BD6F2860028B3A7 /* Main.storyboard in Resources */,
			);
			runOnlyForDeploymentPostprocessing = 0;
		};
/* End PBXResourcesBuildPhase section */

/* Begin PBXShellScriptBuildPhase section */
		6BF9F61DD657664DECB5088E /* Check Pods Manifest.lock */ = {
			isa = PBXShellScriptBuildPhase;
			buildActionMask = 2147483647;
			files = (
			);
			inputPaths = (
			);
			name = "Check Pods Manifest.lock";
			outputPaths = (
			);
			runOnlyForDeploymentPostprocessing = 0;
			shellPath = /bin/sh;
			shellScript = "diff \"${PODS_ROOT}/../Podfile.lock\" \"${PODS_ROOT}/Manifest.lock\" > /dev/null\nif [[ $? != 0 ]] ; then\n    cat << EOM\nerror: The sandbox is not in sync with the Podfile.lock. Run 'pod install' or update your CocoaPods installation.\nEOM\n    exit 1\nfi\n";
			showEnvVarsInLog = 0;
		};
		C0089DA5F56F11F1EF577EC5 /* Copy Pods Resources */ = {
			isa = PBXShellScriptBuildPhase;
			buildActionMask = 2147483647;
			files = (
			);
			inputPaths = (
			);
			name = "Copy Pods Resources";
			outputPaths = (
			);
			runOnlyForDeploymentPostprocessing = 0;
			shellPath = /bin/sh;
			shellScript = "\"${SRCROOT}/Pods/Target Support Files/Pods/Pods-resources.sh\"\n";
			showEnvVarsInLog = 0;
		};
		F1AE18DF80102B2AD5E73687 /* Embed Pods Frameworks */ = {
			isa = PBXShellScriptBuildPhase;
			buildActionMask = 2147483647;
			files = (
			);
			inputPaths = (
			);
			name = "Embed Pods Frameworks";
			outputPaths = (
			);
			runOnlyForDeploymentPostprocessing = 0;
			shellPath = /bin/sh;
			shellScript = "\"${SRCROOT}/Pods/Target Support Files/Pods/Pods-frameworks.sh\"\n";
			showEnvVarsInLog = 0;
		};
/* End PBXShellScriptBuildPhase section */

/* Begin PBXSourcesBuildPhase section */
		96886E731BD6F2860028B3A7 /* Sources */ = {
			isa = PBXSourcesBuildPhase;
			buildActionMask = 2147483647;
			files = (
				96886E821BD6F2860028B3A7 /* MoviesViewController.m in Sources */,
				96886E7F1BD6F2860028B3A7 /* AppDelegate.m in Sources */,
				96886E931BD6F8860028B3A7 /* MoviesTableViewCell.m in Sources */,
				96A660FA1BDF42E000CA1117 /* MovieDetailsViewController.m in Sources */,
				96886E7C1BD6F2860028B3A7 /* main.m in Sources */,
			);
			runOnlyForDeploymentPostprocessing = 0;
		};
/* End PBXSourcesBuildPhase section */

/* Begin PBXVariantGroup section */
		96886E831BD6F2860028B3A7 /* Main.storyboard */ = {
			isa = PBXVariantGroup;
			children = (
				96886E841BD6F2860028B3A7 /* Base */,
			);
			name = Main.storyboard;
			sourceTree = "<group>";
		};
		96886E881BD6F2860028B3A7 /* LaunchScreen.storyboard */ = {
			isa = PBXVariantGroup;
			children = (
				96886E891BD6F2860028B3A7 /* Base */,
			);
			name = LaunchScreen.storyboard;
			sourceTree = "<group>";
		};
/* End PBXVariantGroup section */

/* Begin XCBuildConfiguration section */
		96886E8C1BD6F2860028B3A7 /* Debug */ = {
			isa = XCBuildConfiguration;
			buildSettings = {
				ALWAYS_SEARCH_USER_PATHS = NO;
				CLANG_CXX_LANGUAGE_STANDARD = "gnu++0x";
				CLANG_CXX_LIBRARY = "libc++";
				CLANG_ENABLE_MODULES = YES;
				CLANG_ENABLE_OBJC_ARC = YES;
				CLANG_WARN_BOOL_CONVERSION = YES;
				CLANG_WARN_CONSTANT_CONVERSION = YES;
				CLANG_WARN_DIRECT_OBJC_ISA_USAGE = YES_ERROR;
				CLANG_WARN_EMPTY_BODY = YES;
				CLANG_WARN_ENUM_CONVERSION = YES;
				CLANG_WARN_INT_CONVERSION = YES;
				CLANG_WARN_OBJC_ROOT_CLASS = YES_ERROR;
				CLANG_WARN_UNREACHABLE_CODE = YES;
				CLANG_WARN__DUPLICATE_METHOD_MATCH = YES;
				"CODE_SIGN_IDENTITY[sdk=iphoneos*]" = "iPhone Developer";
				COPY_PHASE_STRIP = NO;
				DEBUG_INFORMATION_FORMAT = dwarf;
				ENABLE_STRICT_OBJC_MSGSEND = YES;
				ENABLE_TESTABILITY = YES;
				GCC_C_LANGUAGE_STANDARD = gnu99;
				GCC_DYNAMIC_NO_PIC = NO;
				GCC_NO_COMMON_BLOCKS = YES;
				GCC_OPTIMIZATION_LEVEL = 0;
				GCC_PREPROCESSOR_DEFINITIONS = (
					"DEBUG=1",
					"$(inherited)",
				);
				GCC_WARN_64_TO_32_BIT_CONVERSION = YES;
				GCC_WARN_ABOUT_RETURN_TYPE = YES_ERROR;
				GCC_WARN_UNDECLARED_SELECTOR = YES;
				GCC_WARN_UNINITIALIZED_AUTOS = YES_AGGRESSIVE;
				GCC_WARN_UNUSED_FUNCTION = YES;
				GCC_WARN_UNUSED_VARIABLE = YES;
				IPHONEOS_DEPLOYMENT_TARGET = 9.0;
				MTL_ENABLE_DEBUG_INFO = YES;
				ONLY_ACTIVE_ARCH = YES;
				SDKROOT = iphoneos;
				TARGETED_DEVICE_FAMILY = "1,2";
			};
			name = Debug;
		};
		96886E8D1BD6F2860028B3A7 /* Release */ = {
			isa = XCBuildConfiguration;
			buildSettings = {
				ALWAYS_SEARCH_USER_PATHS = NO;
				CLANG_CXX_LANGUAGE_STANDARD = "gnu++0x";
				CLANG_CXX_LIBRARY = "libc++";
				CLANG_ENABLE_MODULES = YES;
				CLANG_ENABLE_OBJC_ARC = YES;
				CLANG_WARN_BOOL_CONVERSION = YES;
				CLANG_WARN_CONSTANT_CONVERSION = YES;
				CLANG_WARN_DIRECT_OBJC_ISA_USAGE = YES_ERROR;
				CLANG_WARN_EMPTY_BODY = YES;
				CLANG_WARN_ENUM_CONVERSION = YES;
				CLANG_WARN_INT_CONVERSION = YES;
				CLANG_WARN_OBJC_ROOT_CLASS = YES_ERROR;
				CLANG_WARN_UNREACHABLE_CODE = YES;
				CLANG_WARN__DUPLICATE_METHOD_MATCH = YES;
				"CODE_SIGN_IDENTITY[sdk=iphoneos*]" = "iPhone Developer";
				COPY_PHASE_STRIP = NO;
				DEBUG_INFORMATION_FORMAT = "dwarf-with-dsym";
				ENABLE_NS_ASSERTIONS = NO;
				ENABLE_STRICT_OBJC_MSGSEND = YES;
				GCC_C_LANGUAGE_STANDARD = gnu99;
				GCC_NO_COMMON_BLOCKS = YES;
				GCC_WARN_64_TO_32_BIT_CONVERSION = YES;
				GCC_WARN_ABOUT_RETURN_TYPE = YES_ERROR;
				GCC_WARN_UNDECLARED_SELECTOR = YES;
				GCC_WARN_UNINITIALIZED_AUTOS = YES_AGGRESSIVE;
				GCC_WARN_UNUSED_FUNCTION = YES;
				GCC_WARN_UNUSED_VARIABLE = YES;
				IPHONEOS_DEPLOYMENT_TARGET = 9.0;
				MTL_ENABLE_DEBUG_INFO = NO;
				SDKROOT = iphoneos;
				TARGETED_DEVICE_FAMILY = "1,2";
				VALIDATE_PRODUCT = YES;
			};
			name = Release;
		};
		96886E8F1BD6F2860028B3A7 /* Debug */ = {
			isa = XCBuildConfiguration;
			baseConfigurationReference = 45131B1C6383301C9BA3EE16 /* Pods.debug.xcconfig */;
			buildSettings = {
				ASSETCATALOG_COMPILER_APPICON_NAME = AppIcon;
				INFOPLIST_FILE = RottenTomatoes/Info.plist;
				LD_RUNPATH_SEARCH_PATHS = "$(inherited) @executable_path/Frameworks";
				PRODUCT_BUNDLE_IDENTIFIER = groupon.RottenTomatoes;
				PRODUCT_NAME = "$(TARGET_NAME)";
			};
			name = Debug;
		};
		96886E901BD6F2860028B3A7 /* Release */ = {
			isa = XCBuildConfiguration;
			baseConfigurationReference = 65BAA05522069F9801CA9079 /* Pods.release.xcconfig */;
			buildSettings = {
				ASSETCATALOG_COMPILER_APPICON_NAME = AppIcon;
				INFOPLIST_FILE = RottenTomatoes/Info.plist;
				LD_RUNPATH_SEARCH_PATHS = "$(inherited) @executable_path/Frameworks";
				PRODUCT_BUNDLE_IDENTIFIER = groupon.RottenTomatoes;
				PRODUCT_NAME = "$(TARGET_NAME)";
			};
			name = Release;
		};
/* End XCBuildConfiguration section */

/* Begin XCConfigurationList section */
		96886E721BD6F2860028B3A7 /* Build configuration list for PBXProject "RottenTomatoes" */ = {
			isa = XCConfigurationList;
			buildConfigurations = (
				96886E8C1BD6F2860028B3A7 /* Debug */,
				96886E8D1BD6F2860028B3A7 /* Release */,
			);
			defaultConfigurationIsVisible = 0;
			defaultConfigurationName = Release;
		};
		96886E8E1BD6F2860028B3A7 /* Build configuration list for PBXNativeTarget "RottenTomatoes" */ = {
			isa = XCConfigurationList;
			buildConfigurations = (
				96886E8F1BD6F2860028B3A7 /* Debug */,
				96886E901BD6F2860028B3A7 /* Release */,
			);
			defaultConfigurationIsVisible = 0;
			defaultConfigurationName = Release;
		};
/* End XCConfigurationList section */
	};
	rootObject = 96886E6F1BD6F2860028B3A7 /* Project object */;
}
